{
  "version": 4,
  "terraform_version": "1.12.2",
  "serial": 170,
  "lineage": "cbdfe29c-b046-8acc-c74f-a8d41cc7be3c",
  "outputs": {
    "eks_endpoint": {
      "value": "https://04D279C81F4468CD8F877A3AC39D13C7.gr7.eu-central-1.eks.amazonaws.com",
      "type": "string"
    }
  },
  "resources": [
    {
      "mode": "data",
      "type": "aws_ami",
      "name": "ubuntu_ami",
      "provider": "provider[\"registry.terraform.io/hashicorp/aws\"]",
      "instances": [
        {
          "schema_version": 0,
          "attributes": {
            "allow_unsafe_filter": null,
            "architecture": "x86_64",
            "arn": "arn:aws:ec2:eu-central-1::image/ami-0857b63eb9da0783d",
            "block_device_mappings": [
              {
                "device_name": "/dev/sda1",
                "ebs": {
                  "delete_on_termination": "true",
                  "encrypted": "false",
                  "iops": "0",
                  "snapshot_id": "snap-0c6f51a918cef7471",
                  "throughput": "0",
                  "volume_initialization_rate": "0",
                  "volume_size": "8",
                  "volume_type": "gp2"
                },
                "no_device": "",
                "virtual_name": ""
              },
              {
                "device_name": "/dev/sdb",
                "ebs": {},
                "no_device": "",
                "virtual_name": "ephemeral0"
              },
              {
                "device_name": "/dev/sdc",
                "ebs": {},
                "no_device": "",
                "virtual_name": "ephemeral1"
              }
            ],
            "boot_mode": "uefi-preferred",
            "creation_date": "2025-08-01T07:11:13.000Z",
            "deprecation_time": "2027-08-01T07:11:13.000Z",
            "description": "Canonical, Ubuntu, 22.04, amd64 jammy image",
            "ena_support": true,
            "executable_users": null,
            "filter": [
              {
                "name": "name",
                "values": [
                  "ubuntu/images/hvm-ssd/ubuntu-jammy-22.04-amd64-server-*"
                ]
              },
              {
                "name": "virtualization-type",
                "values": [
                  "hvm"
                ]
              }
            ],
            "hypervisor": "xen",
            "id": "ami-0857b63eb9da0783d",
            "image_id": "ami-0857b63eb9da0783d",
            "image_location": "amazon/ubuntu/images/hvm-ssd/ubuntu-jammy-22.04-amd64-server-20250801",
            "image_owner_alias": "amazon",
            "image_type": "machine",
            "imds_support": "",
            "include_deprecated": false,
            "kernel_id": "",
            "last_launched_time": "",
            "most_recent": true,
            "name": "ubuntu/images/hvm-ssd/ubuntu-jammy-22.04-amd64-server-20250801",
            "name_regex": null,
            "owner_id": "099720109477",
            "owners": [
              "099720109477"
            ],
            "platform": "",
            "platform_details": "Linux/UNIX",
            "product_codes": [],
            "public": true,
            "ramdisk_id": "",
            "region": "eu-central-1",
            "root_device_name": "/dev/sda1",
            "root_device_type": "ebs",
            "root_snapshot_id": "snap-0c6f51a918cef7471",
            "sriov_net_support": "simple",
            "state": "available",
            "state_reason": {
              "code": "UNSET",
              "message": "UNSET"
            },
            "tags": {},
            "timeouts": null,
            "tpm_support": "",
            "uefi_data": null,
            "usage_operation": "RunInstances",
            "virtualization_type": "hvm"
          },
          "sensitive_attributes": [],
          "identity_schema_version": 0
        }
      ]
    },
    {
      "mode": "data",
      "type": "aws_eks_cluster",
      "name": "eks_cluster",
      "provider": "provider[\"registry.terraform.io/hashicorp/aws\"]",
      "instances": [
        {
          "schema_version": 0,
          "attributes": {
            "access_config": [
              {
                "authentication_mode": "API",
                "bootstrap_cluster_creator_admin_permissions": true
              }
            ],
            "arn": "arn:aws:eks:eu-central-1:593055205567:cluster/attractive-duck",
            "certificate_authority": [
              {
                "data": "LS0tLS1CRUdJTiBDRVJUSUZJQ0FURS0tLS0tCk1JSURCVENDQWUyZ0F3SUJBZ0lJV1NYZnlhOWhuVW93RFFZSktvWklodmNOQVFFTEJRQXdGVEVUTUJFR0ExVUUKQXhNS2EzVmlaWEp1WlhSbGN6QWVGdzB5TlRBM01qa3dOekF6TWpGYUZ3MHpOVEEzTWpjd056QTRNakZhTUJVeApFekFSQmdOVkJBTVRDbXQxWW1WeWJtVjBaWE13Z2dFaU1BMEdDU3FHU0liM0RRRUJBUVVBQTRJQkR3QXdnZ0VLCkFvSUJBUURNR0pMcVhZOXM1aVZYTlE4VUxlSWdKMVNDUTJRVzFlMXl2VU1RUUpsZWYzUldlKytLZVlzcVRlVkoKYVppOUNqMEZ2MzdNbVdQTHllZWZWY1Q1Ukg3enczR0ExeDJPYnN2L3k2OU91WEMzMUg2RmxmT0pFckRYdWZjOApLVlRvV2M3VjN1R25GTG4wRGRpVThkcXMzaEV1R3NEd2pBVStqWEtyNHBzejRsQ3RkNzJldnhPRTZYZHRXSGVUCjE4TU5YRVVhMlVlSldxNXg1WWcyWURzTEJBdDFKZk54WVZQcmlXZmxwSnVuTVRoZExoVUdNQUkvWWQ2R2NSaFkKN3AyejdyeVdXMUVaUnd6TERwUFgzam5zcWdZUS9SajdGSmQyOHFBZmdhVUhWdTZ3aGxXdDh2eU13Y1RvYVhZeAp2RXJDZUNGY1F6akgwbjdsRDhrbHhJcVFFVGVqQWdNQkFBR2pXVEJYTUE0R0ExVWREd0VCL3dRRUF3SUNwREFQCkJnTlZIUk1CQWY4RUJUQURBUUgvTUIwR0ExVWREZ1FXQkJRR2NadjdUTXBPU01HWloyOThYQUwyL2xkRkx6QVYKQmdOVkhSRUVEakFNZ2dwcmRXSmxjbTVsZEdWek1BMEdDU3FHU0liM0RRRUJDd1VBQTRJQkFRQWpNYkdxQzVRUApWZ3N1Y0ZzWk1DMEpsTklOaWQxbkhZcElnQkxsbWZteFdwM0ZkalRwQWhDQVZiWGlCT2ZLUXd4MWl4N1RlTmRXCkg4d3VVbjhUMjBvRi9hVDYxTUxqMEhBR0U5VGQ1eFZKZmFCSGZ1WEFXazE3elpURmNkaDFMNzdVQURmZHBMUXYKZDlKa0RPOE5nOFZLVUhPb2RjdjE2ZVJieCtZU2QyNGUwVGRVK0lzTU5YOE1IdXByWTlWUEtGaFFLRmtRZFkySwo0QkdqV2JhYXhEY3VUQzNYaWEveExUYWw4NHNxUEtKTlFDNUFHSTVkUEtMRTQrWXBPZUFodWtvUmdUakNXY3JFCjM4c0M2ODRjNVhRTEF5RnpuR2ZBRmU4OHNETHNiWGYyalJlZTRJMTdqSEdxRGJtdEtxMDBSTzhyZmtoeHdCL0sKVVRiTHZPTUt1b2dLCi0tLS0tRU5EIENFUlRJRklDQVRFLS0tLS0K"
              }
            ],
            "cluster_id": null,
            "compute_config": [
              {
                "enabled": true,
                "node_pools": [
                  "general-purpose"
                ],
                "node_role_arn": "arn:aws:iam::593055205567:role/eks-auto-node-attractive-duck"
              }
            ],
            "created_at": "2025-07-29T07:04:12Z",
            "enabled_cluster_log_types": [],
            "endpoint": "https://04D279C81F4468CD8F877A3AC39D13C7.gr7.eu-central-1.eks.amazonaws.com",
            "id": "attractive-duck",
            "identity": [
              {
                "oidc": [
                  {
                    "issuer": "https://oidc.eks.eu-central-1.amazonaws.com/id/04D279C81F4468CD8F877A3AC39D13C7"
                  }
                ]
              }
            ],
            "kubernetes_network_config": [
              {
                "elastic_load_balancing": [
                  {
                    "enabled": true
                  }
                ],
                "ip_family": "ipv4",
                "service_ipv4_cidr": "10.100.0.0/16",
                "service_ipv6_cidr": ""
              }
            ],
            "name": "attractive-duck",
            "outpost_config": [],
            "platform_version": "eks.32",
            "region": "eu-central-1",
            "remote_network_config": [],
            "role_arn": "arn:aws:iam::593055205567:role/eks-cluster-attractive-duck",
            "status": "ACTIVE",
            "storage_config": [
              {
                "block_storage": [
                  {
                    "enabled": true
                  }
                ]
              }
            ],
            "tags": {},
            "upgrade_policy": [
              {
                "support_type": "EXTENDED"
              }
            ],
            "version": "1.31",
            "vpc_config": [
              {
                "cluster_security_group_id": "sg-03b2cbdbd88c4babe",
                "endpoint_private_access": true,
                "endpoint_public_access": true,
                "public_access_cidrs": [
                  "0.0.0.0/0"
                ],
                "security_group_ids": [],
                "subnet_ids": [
                  "subnet-069d27f47d7e62de8",
                  "subnet-0b2694ce6b30df1d9",
                  "subnet-0c061308d068204dd"
                ],
                "vpc_id": "vpc-08a2964ea79b3e4ff"
              }
            ],
            "zonal_shift_config": []
          },
          "sensitive_attributes": [],
          "identity_schema_version": 0
        }
      ]
    },
    {
      "mode": "data",
      "type": "aws_eks_cluster_auth",
      "name": "eks_auth",
      "provider": "provider[\"registry.terraform.io/hashicorp/aws\"]",
      "instances": [
        {
          "schema_version": 0,
          "attributes": {
            "id": "attractive-duck",
            "name": "attractive-duck",
            "region": "eu-central-1",
            "token": "k8s-aws-v1.aHR0cHM6Ly9zdHMuZXUtY2VudHJhbC0xLmFtYXpvbmF3cy5jb20vP0FjdGlvbj1HZXRDYWxsZXJJZGVudGl0eSZWZXJzaW9uPTIwMTEtMDYtMTUmWC1BbXotQWxnb3JpdGhtPUFXUzQtSE1BQy1TSEEyNTYmWC1BbXotQ3JlZGVudGlhbD1BS0lBWVVGR1lKQzdVUkdVUVZWQyUyRjIwMjUwODAyJTJGZXUtY2VudHJhbC0xJTJGc3RzJTJGYXdzNF9yZXF1ZXN0JlgtQW16LURhdGU9MjAyNTA4MDJUMTIzODMxWiZYLUFtei1FeHBpcmVzPTAmWC1BbXotU2lnbmVkSGVhZGVycz1ob3N0JTNCeC1rOHMtYXdzLWlkJlgtQW16LVNpZ25hdHVyZT05MjViM2UyZGFlYWQ4ZGUzZjlmMTQ5N2QwMTkwY2U0ZTM5ZTJmZTQ5MzA3Yzk2OTU5MjEzMGQxZTFkZWNhNzgx"
          },
          "sensitive_attributes": [
            [
              {
                "type": "get_attr",
                "value": "token"
              }
            ]
          ],
          "identity_schema_version": 0
        }
      ]
    },
    {
      "mode": "data",
      "type": "aws_iam_user",
      "name": "abdoarh_iam",
      "provider": "provider[\"registry.terraform.io/hashicorp/aws\"]",
      "instances": [
        {
          "schema_version": 0,
          "attributes": {
            "arn": "arn:aws:iam::593055205567:user/abdoarh",
            "id": "AIDAYUFGYJC757EWUTPQY",
            "path": "/",
            "permissions_boundary": "",
            "tags": {
              "AKIAYUFGYJC7QSMUO4O7": "TerraformCloud",
              "AKIAYUFGYJC7URGUQVVC": "Gh-actions"
            },
            "user_id": "AIDAYUFGYJC757EWUTPQY",
            "user_name": "abdoarh"
          },
          "sensitive_attributes": [],
          "identity_schema_version": 0
        }
      ]
    },
    {
      "mode": "managed",
      "type": "local_file",
      "name": "kubeconfig",
      "provider": "provider[\"registry.terraform.io/hashicorp/local\"]",
      "instances": [
        {
          "schema_version": 0,
          "attributes": {
            "content": "apiVersion: v1\npreferences: {}\nkind: Config\n\nclusters:\n- cluster:\n    server: https://04D279C81F4468CD8F877A3AC39D13C7.gr7.eu-central-1.eks.amazonaws.com\n    certificate-authority-data: LS0tLS1CRUdJTiBDRVJUSUZJQ0FURS0tLS0tCk1JSURCVENDQWUyZ0F3SUJBZ0lJV1NYZnlhOWhuVW93RFFZSktvWklodmNOQVFFTEJRQXdGVEVUTUJFR0ExVUUKQXhNS2EzVmlaWEp1WlhSbGN6QWVGdzB5TlRBM01qa3dOekF6TWpGYUZ3MHpOVEEzTWpjd056QTRNakZhTUJVeApFekFSQmdOVkJBTVRDbXQxWW1WeWJtVjBaWE13Z2dFaU1BMEdDU3FHU0liM0RRRUJBUVVBQTRJQkR3QXdnZ0VLCkFvSUJBUURNR0pMcVhZOXM1aVZYTlE4VUxlSWdKMVNDUTJRVzFlMXl2VU1RUUpsZWYzUldlKytLZVlzcVRlVkoKYVppOUNqMEZ2MzdNbVdQTHllZWZWY1Q1Ukg3enczR0ExeDJPYnN2L3k2OU91WEMzMUg2RmxmT0pFckRYdWZjOApLVlRvV2M3VjN1R25GTG4wRGRpVThkcXMzaEV1R3NEd2pBVStqWEtyNHBzejRsQ3RkNzJldnhPRTZYZHRXSGVUCjE4TU5YRVVhMlVlSldxNXg1WWcyWURzTEJBdDFKZk54WVZQcmlXZmxwSnVuTVRoZExoVUdNQUkvWWQ2R2NSaFkKN3AyejdyeVdXMUVaUnd6TERwUFgzam5zcWdZUS9SajdGSmQyOHFBZmdhVUhWdTZ3aGxXdDh2eU13Y1RvYVhZeAp2RXJDZUNGY1F6akgwbjdsRDhrbHhJcVFFVGVqQWdNQkFBR2pXVEJYTUE0R0ExVWREd0VCL3dRRUF3SUNwREFQCkJnTlZIUk1CQWY4RUJUQURBUUgvTUIwR0ExVWREZ1FXQkJRR2NadjdUTXBPU01HWloyOThYQUwyL2xkRkx6QVYKQmdOVkhSRUVEakFNZ2dwcmRXSmxjbTVsZEdWek1BMEdDU3FHU0liM0RRRUJDd1VBQTRJQkFRQWpNYkdxQzVRUApWZ3N1Y0ZzWk1DMEpsTklOaWQxbkhZcElnQkxsbWZteFdwM0ZkalRwQWhDQVZiWGlCT2ZLUXd4MWl4N1RlTmRXCkg4d3VVbjhUMjBvRi9hVDYxTUxqMEhBR0U5VGQ1eFZKZmFCSGZ1WEFXazE3elpURmNkaDFMNzdVQURmZHBMUXYKZDlKa0RPOE5nOFZLVUhPb2RjdjE2ZVJieCtZU2QyNGUwVGRVK0lzTU5YOE1IdXByWTlWUEtGaFFLRmtRZFkySwo0QkdqV2JhYXhEY3VUQzNYaWEveExUYWw4NHNxUEtKTlFDNUFHSTVkUEtMRTQrWXBPZUFodWtvUmdUakNXY3JFCjM4c0M2ODRjNVhRTEF5RnpuR2ZBRmU4OHNETHNiWGYyalJlZTRJMTdqSEdxRGJtdEtxMDBSTzhyZmtoeHdCL0sKVVRiTHZPTUt1b2dLCi0tLS0tRU5EIENFUlRJRklDQVRFLS0tLS0K\n  name: attractive-duck\n\ncontexts:\n- context:\n    cluster: attractive-duck\n    user: abdoarh\n  name: attractive-duck\n\ncurrent-context: attractive-duck\n\nusers:\n- name: abdoarh\n  user:\n    token: k8s-aws-v1.aHR0cHM6Ly9zdHMuZXUtY2VudHJhbC0xLmFtYXpvbmF3cy5jb20vP0FjdGlvbj1HZXRDYWxsZXJJZGVudGl0eSZWZXJzaW9uPTIwMTEtMDYtMTUmWC1BbXotQWxnb3JpdGhtPUFXUzQtSE1BQy1TSEEyNTYmWC1BbXotQ3JlZGVudGlhbD1BS0lBWVVGR1lKQzdVUkdVUVZWQyUyRjIwMjUwODAyJTJGZXUtY2VudHJhbC0xJTJGc3RzJTJGYXdzNF9yZXF1ZXN0JlgtQW16LURhdGU9MjAyNTA4MDJUMTIzODMxWiZYLUFtei1FeHBpcmVzPTAmWC1BbXotU2lnbmVkSGVhZGVycz1ob3N0JTNCeC1rOHMtYXdzLWlkJlgtQW16LVNpZ25hdHVyZT05MjViM2UyZGFlYWQ4ZGUzZjlmMTQ5N2QwMTkwY2U0ZTM5ZTJmZTQ5MzA3Yzk2OTU5MjEzMGQxZTFkZWNhNzgx\n",
            "content_base64": null,
            "content_base64sha256": "+yTcFZODI9PBUx2O9penmiGSOsE6KKYGJ9G32e1dhzY=",
            "content_base64sha512": "YUfPQoKgeY7q/47xWbBi/eaTvzgPk2uF4h+2Qe6q3PS9O+wExr6Dypb+gQDyEkcqQ00Bano8JorjJBNi/GF8AA==",
            "content_md5": "fe5cdd13451422d5ce2776f7ef19b222",
            "content_sha1": "df5bbb72d5b00b3caaf023f2036e1b0ef8d2db86",
            "content_sha256": "fb24dc15938323d3c1531d8ef697a79a21923ac13a28a60627d1b7d9ed5d8736",
            "content_sha512": "6147cf4282a0798eeaff8ef159b062fde693bf380f936b85e21fb641eeaadcf4bd3bec04c6be83ca96fe8100f212472a434d016a7a3c268ae3241362fc617c00",
            "directory_permission": "0777",
            "file_permission": "0777",
            "filename": "./kubeconfig.yaml",
            "id": "df5bbb72d5b00b3caaf023f2036e1b0ef8d2db86",
            "sensitive_content": null,
            "source": null
          },
          "sensitive_attributes": [
            [
              {
                "type": "get_attr",
                "value": "content"
              }
            ],
            [
              {
                "type": "get_attr",
                "value": "sensitive_content"
              }
            ]
          ],
          "identity_schema_version": 0,
          "dependencies": [
            "data.aws_eks_cluster.eks_cluster",
            "data.aws_eks_cluster_auth.eks_auth",
            "data.aws_iam_user.abdoarh_iam"
          ]
        }
      ]
    }
  ],
  "check_results": null
}
